
Microsoft Visual Studio Solution File, Format Version 12.00
# Visual Studio Version 16
VisualStudioVersion = 16.0.31624.102
MinimumVisualStudioVersion = 10.0.40219.1
Project("{2150E333-8FDC-42A3-9474-1A3956D46DE8}") = "Solution Items", "Solution Items", "{FD6AD2A4-67F6-44CE-9105-DB1FBC40A7AB}"
	ProjectSection(SolutionItems) = preProject
		Readme.md = Readme.md
	EndProjectSection
EndProject
Project("{FAE04EC0-301F-11D3-BF4B-00C04F79EFBC}") = "WebProgramming18CT111.WebApp", "WebProgramming18CT111.WebApp\WebProgramming18CT111.WebApp.csproj", "{D594278F-9AEF-47A9-A938-46AC88CB121F}"
EndProject
Project("{FAE04EC0-301F-11D3-BF4B-00C04F79EFBC}") = "WebProgamming18CT111.Models", "WebProgamming18CT111.Models\WebProgamming18CT111.Models.csproj", "{0C1A4F58-C6DE-49C6-BD1E-7AB12169375F}"
EndProject
Global
	GlobalSection(SolutionConfigurationPlatforms) = preSolution
		Debug|Any CPU = Debug|Any CPU
		Release|Any CPU = Release|Any CPU
	EndGlobalSection
	GlobalSection(ProjectConfigurationPlatforms) = postSolution
		{D594278F-9AEF-47A9-A938-46AC88CB121F}.Debug|Any CPU.ActiveCfg = Debug|Any CPU
		{D594278F-9AEF-47A9-A938-46AC88CB121F}.Debug|Any CPU.Build.0 = Debug|Any CPU
		{D594278F-9AEF-47A9-A938-46AC88CB121F}.Release|Any CPU.ActiveCfg = Release|Any CPU
		{D594278F-9AEF-47A9-A938-46AC88CB121F}.Release|Any CPU.Build.0 = Release|Any CPU
		{0C1A4F58-C6DE-49C6-BD1E-7AB12169375F}.Debug|Any CPU.ActiveCfg = Debug|Any CPU
		{0C1A4F58-C6DE-49C6-BD1E-7AB12169375F}.Debug|Any CPU.Build.0 = Debug|Any CPU
		{0C1A4F58-C6DE-49C6-BD1E-7AB12169375F}.Release|Any CPU.ActiveCfg = Release|Any CPU
		{0C1A4F58-C6DE-49C6-BD1E-7AB12169375F}.Release|Any CPU.Build.0 = Release|Any CPU
	EndGlobalSection
	GlobalSection(SolutionProperties) = preSolution
		HideSolutionNode = FALSE
	EndGlobalSection
	GlobalSection(ExtensibilityGlobals) = postSolution
		SolutionGuid = {11274464-CFD1-4F3A-B633-94E42DB0412E}
	EndGlobalSection
EndGlobal
